
Microsoft Visual Studio Solution File, Format Version 12.00
# Visual Studio Version 17
VisualStudioVersion = 17.1.32421.90
MinimumVisualStudioVersion = 10.0.40219.1
Project("{9A19103F-16F7-4668-BE54-9A1E7A4F7556}") = "BeanSceneApp", "BeanSceneApp\BeanSceneApp.csproj", "{C85C6008-C9F1-494A-9322-B88263EC24A1}"
EndProject
Project("{FAE04EC0-301F-11D3-BF4B-00C04F79EFBC}") = "BeanSceneUnitTests", "BeanSceneUnitTests\BeanSceneUnitTests.csproj", "{6AFC379F-1EB5-4FE1-9866-4DA849214F07}"
EndProject
Global
	GlobalSection(SolutionConfigurationPlatforms) = preSolution
		Debug|Any CPU = Debug|Any CPU
		Release|Any CPU = Release|Any CPU
	EndGlobalSection
	GlobalSection(ProjectConfigurationPlatforms) = postSolution
		{C85C6008-C9F1-494A-9322-B88263EC24A1}.Debug|Any CPU.ActiveCfg = Debug|Any CPU
		{C85C6008-C9F1-494A-9322-B88263EC24A1}.Debug|Any CPU.Build.0 = Debug|Any CPU
		{C85C6008-C9F1-494A-9322-B88263EC24A1}.Release|Any CPU.ActiveCfg = Release|Any CPU
		{C85C6008-C9F1-494A-9322-B88263EC24A1}.Release|Any CPU.Build.0 = Release|Any CPU
		{6AFC379F-1EB5-4FE1-9866-4DA849214F07}.Debug|Any CPU.ActiveCfg = Debug|Any CPU
		{6AFC379F-1EB5-4FE1-9866-4DA849214F07}.Debug|Any CPU.Build.0 = Debug|Any CPU
		{6AFC379F-1EB5-4FE1-9866-4DA849214F07}.Release|Any CPU.ActiveCfg = Release|Any CPU
		{6AFC379F-1EB5-4FE1-9866-4DA849214F07}.Release|Any CPU.Build.0 = Release|Any CPU
	EndGlobalSection
	GlobalSection(SolutionProperties) = preSolution
		HideSolutionNode = FALSE
	EndGlobalSection
	GlobalSection(ExtensibilityGlobals) = postSolution
		SolutionGuid = {1D36F5C7-523B-48CD-A899-3CDC9DA51DA2}
	EndGlobalSection
EndGlobal
